// !$*UTF8*$!
{
	archiveVersion = 1;
	classes = {
	};
	objectVersion = 46;
	objects = {

/* Begin PBXBuildFile section */
		88BB9A381C63A5F800DC851F /* main.m in Sources */ = {isa = PBXBuildFile; fileRef = 88BB9A371C63A5F800DC851F /* main.m */; };
		88BB9A3B1C63A5F800DC851F /* AppDelegate.m in Sources */ = {isa = PBXBuildFile; fileRef = 88BB9A3A1C63A5F800DC851F /* AppDelegate.m */; };
		88BB9A3E1C63A5F800DC851F /* ViewController.m in Sources */ = {isa = PBXBuildFile; fileRef = 88BB9A3D1C63A5F800DC851F /* ViewController.m */; };
		88BB9A411C63A5F800DC851F /* Main.storyboard in Resources */ = {isa = PBXBuildFile; fileRef = 88BB9A3F1C63A5F800DC851F /* Main.storyboard */; };
		88BB9A431C63A5F800DC851F /* Assets.xcassets in Resources */ = {isa = PBXBuildFile; fileRef = 88BB9A421C63A5F800DC851F /* Assets.xcassets */; };
		88BB9A461C63A5F800DC851F /* LaunchScreen.storyboard in Resources */ = {isa = PBXBuildFile; fileRef = 88BB9A441C63A5F800DC851F /* LaunchScreen.storyboard */; };
		88BB9A4F1C63B1EE00DC851F /* NSURLComponents+queryItemNamed.m in Sources */ = {isa = PBXBuildFile; fileRef = 88BB9A4E1C63B1EE00DC851F /* NSURLComponents+queryItemNamed.m */; };
		9BC36B21AC2DFD6372B30FDE /* libPods-UrlReceiver.a in Frameworks */ = {isa = PBXBuildFile; fileRef = B2ED02E04B75DE7BD4CD964B /* libPods-UrlReceiver.a */; };
/* End PBXBuildFile section */

/* Begin PBXFileReference section */
		88BB9A331C63A5F800DC851F /* UrlReceiver.app */ = {isa = PBXFileReference; explicitFileType = wrapper.application; includeInIndex = 0; path = UrlReceiver.app; sourceTree = BUILT_PRODUCTS_DIR; };
		88BB9A371C63A5F800DC851F /* main.m */ = {isa = PBXFileReference; lastKnownFileType = sourcecode.c.objc; path = main.m; sourceTree = "<group>"; };
		88BB9A391C63A5F800DC851F /* AppDelegate.h */ = {isa = PBXFileReference; lastKnownFileType = sourcecode.c.h; path = AppDelegate.h; sourceTree = "<group>"; };
		88BB9A3A1C63A5F800DC851F /* AppDelegate.m */ = {isa = PBXFileReference; lastKnownFileType = sourcecode.c.objc; path = AppDelegate.m; sourceTree = "<group>"; };
		88BB9A3C1C63A5F800DC851F /* ViewController.h */ = {isa = PBXFileReference; lastKnownFileType = sourcecode.c.h; path = ViewController.h; sourceTree = "<group>"; };
		88BB9A3D1C63A5F800DC851F /* ViewController.m */ = {isa = PBXFileReference; lastKnownFileType = sourcecode.c.objc; path = ViewController.m; sourceTree = "<group>"; };
		88BB9A401C63A5F800DC851F /* Base */ = {isa = PBXFileReference; lastKnownFileType = file.storyboard; name = Base; path = Base.lproj/Main.storyboard; sourceTree = "<group>"; };
		88BB9A421C63A5F800DC851F /* Assets.xcassets */ = {isa = PBXFileReference; lastKnownFileType = folder.assetcatalog; path = Assets.xcassets; sourceTree = "<group>"; };
		88BB9A451C63A5F800DC851F /* Base */ = {isa = PBXFileReference; lastKnownFileType = file.storyboard; name = Base; path = Base.lproj/LaunchScreen.storyboard; sourceTree = "<group>"; };
		88BB9A471C63A5F800DC851F /* Info.plist */ = {isa = PBXFileReference; lastKnownFileType = text.plist.xml; path = Info.plist; sourceTree = "<group>"; };
		88BB9A4D1C63B1EE00DC851F /* NSURLComponents+queryItemNamed.h */ = {isa = PBXFileReference; fileEncoding = 4; lastKnownFileType = sourcecode.c.h; path = "NSURLComponents+queryItemNamed.h"; sourceTree = "<group>"; };
		88BB9A4E1C63B1EE00DC851F /* NSURLComponents+queryItemNamed.m */ = {isa = PBXFileReference; fileEncoding = 4; lastKnownFileType = sourcecode.c.objc; path = "NSURLComponents+queryItemNamed.m"; sourceTree = "<group>"; };
		B2ED02E04B75DE7BD4CD964B /* libPods-UrlReceiver.a */ = {isa = PBXFileReference; explicitFileType = archive.ar; includeInIndex = 0; path = "libPods-UrlReceiver.a"; sourceTree = BUILT_PRODUCTS_DIR; };
		C23C2C9E609361BDE9518A4B /* Pods-UrlReceiver.release.xcconfig */ = {isa = PBXFileReference; includeInIndex = 1; lastKnownFileType = text.xcconfig; name = "Pods-UrlReceiver.release.xcconfig"; path = "Pods/Target Support Files/Pods-UrlReceiver/Pods-UrlReceiver.release.xcconfig"; sourceTree = "<group>"; };
		E6F38DE550430B760EDF1FA4 /* Pods-UrlReceiver.debug.xcconfig */ = {isa = PBXFileReference; includeInIndex = 1; lastKnownFileType = text.xcconfig; name = "Pods-UrlReceiver.debug.xcconfig"; path = "Pods/Target Support Files/Pods-UrlReceiver/Pods-UrlReceiver.debug.xcconfig"; sourceTree = "<group>"; };
/* End PBXFileReference section */

/* Begin PBXFrameworksBuildPhase section */
		88BB9A301C63A5F800DC851F /* Frameworks */ = {
			isa = PBXFrameworksBuildPhase;
			buildActionMask = 2147483647;
			files = (
				9BC36B21AC2DFD6372B30FDE /* libPods-UrlReceiver.a in Frameworks */,
			);
			runOnlyForDeploymentPostprocessing = 0;
		};
/* End PBXFrameworksBuildPhase section */

/* Begin PBXGroup section */
		1A187D887FF6B26916B7C3F8 /* Frameworks */ = {
			isa = PBXGroup;
			children = (
				B2ED02E04B75DE7BD4CD964B /* libPods-UrlReceiver.a */,
			);
			name = Frameworks;
			sourceTree = "<group>";
		};
		708701D890E9DFA31A3DF3FD /* Pods */ = {
			isa = PBXGroup;
			children = (
				E6F38DE550430B760EDF1FA4 /* Pods-UrlReceiver.debug.xcconfig */,
				C23C2C9E609361BDE9518A4B /* Pods-UrlReceiver.release.xcconfig */,
			);
			name = Pods;
			sourceTree = "<group>";
		};
		88BB9A2A1C63A5F800DC851F = {
			isa = PBXGroup;
			children = (
				88BB9A351C63A5F800DC851F /* UrlReceiver */,
				88BB9A341C63A5F800DC851F /* Products */,
				708701D890E9DFA31A3DF3FD /* Pods */,
				1A187D887FF6B26916B7C3F8 /* Frameworks */,
			);
			sourceTree = "<group>";
		};
		88BB9A341C63A5F800DC851F /* Products */ = {
			isa = PBXGroup;
			children = (
				88BB9A331C63A5F800DC851F /* UrlReceiver.app */,
			);
			name = Products;
			sourceTree = "<group>";
		};
		88BB9A351C63A5F800DC851F /* UrlReceiver */ = {
			isa = PBXGroup;
			children = (
				88BB9A391C63A5F800DC851F /* AppDelegate.h */,
				88BB9A3A1C63A5F800DC851F /* AppDelegate.m */,
				88BB9A4D1C63B1EE00DC851F /* NSURLComponents+queryItemNamed.h */,
				88BB9A4E1C63B1EE00DC851F /* NSURLComponents+queryItemNamed.m */,
				88BB9A3C1C63A5F800DC851F /* ViewController.h */,
				88BB9A3D1C63A5F800DC851F /* ViewController.m */,
				88BB9A3F1C63A5F800DC851F /* Main.storyboard */,
				88BB9A421C63A5F800DC851F /* Assets.xcassets */,
				88BB9A441C63A5F800DC851F /* LaunchScreen.storyboard */,
				88BB9A471C63A5F800DC851F /* Info.plist */,
				88BB9A361C63A5F800DC851F /* Supporting Files */,
			);
			path = UrlReceiver;
			sourceTree = "<group>";
		};
		88BB9A361C63A5F800DC851F /* Supporting Files */ = {
			isa = PBXGroup;
			children = (
				88BB9A371C63A5F800DC851F /* main.m */,
			);
			name = "Supporting Files";
			sourceTree = "<group>";
		};
/* End PBXGroup section */

/* Begin PBXNativeTarget section */
		88BB9A321C63A5F800DC851F /* UrlReceiver */ = {
			isa = PBXNativeTarget;
			buildConfigurationList = 88BB9A4A1C63A5F800DC851F /* Build configuration list for PBXNativeTarget "UrlReceiver" */;
			buildPhases = (
				F67C0475F2CFCF91808323F7 /* Check Pods Manifest.lock */,
				88BB9A2F1C63A5F800DC851F /* Sources */,
				88BB9A301C63A5F800DC851F /* Frameworks */,
				88BB9A311C63A5F800DC851F /* Resources */,
				E5C1A9C789D892120BA8E115 /* Embed Pods Frameworks */,
				0EC92AA3720F63FB3B2A7180 /* Copy Pods Resources */,
			);
			buildRules = (
			);
			dependencies = (
			);
			name = UrlReceiver;
			productName = UrlReceiver;
			productReference = 88BB9A331C63A5F800DC851F /* UrlReceiver.app */;
			productType = "com.apple.product-type.application";
		};
/* End PBXNativeTarget section */

/* Begin PBXProject section */
		88BB9A2B1C63A5F800DC851F /* Project object */ = {
			isa = PBXProject;
			attributes = {
				LastUpgradeCheck = 0720;
				ORGANIZATIONNAME = "Trailbehind inc.";
				TargetAttributes = {
					88BB9A321C63A5F800DC851F = {
						CreatedOnToolsVersion = 7.2.1;
					};
				};
			};
			buildConfigurationList = 88BB9A2E1C63A5F800DC851F /* Build configuration list for PBXProject "UrlReceiver" */;
			compatibilityVersion = "Xcode 3.2";
			developmentRegion = English;
			hasScannedForEncodings = 0;
			knownRegions = (
				en,
				Base,
			);
			mainGroup = 88BB9A2A1C63A5F800DC851F;
			productRefGroup = 88BB9A341C63A5F800DC851F /* Products */;
			projectDirPath = "";
			projectRoot = "";
			targets = (
				88BB9A321C63A5F800DC851F /* UrlReceiver */,
			);
		};
/* End PBXProject section */

/* Begin PBXResourcesBuildPhase section */
		88BB9A311C63A5F800DC851F /* Resources */ = {
			isa = PBXResourcesBuildPhase;
			buildActionMask = 2147483647;
			files = (
				88BB9A461C63A5F800DC851F /* LaunchScreen.storyboard in Resources */,
				88BB9A431C63A5F800DC851F /* Assets.xcassets in Resources */,
				88BB9A411C63A5F800DC851F /* Main.storyboard in Resources */,
			);
			runOnlyForDeploymentPostprocessing = 0;
		};
/* End PBXResourcesBuildPhase section */

/* Begin PBXShellScriptBuildPhase section */
		0EC92AA3720F63FB3B2A7180 /* Copy Pods Resources */ = {
			isa = PBXShellScriptBuildPhase;
			buildActionMask = 2147483647;
			files = (
			);
			inputPaths = (
			);
			name = "Copy Pods Resources";
			outputPaths = (
			);
			runOnlyForDeploymentPostprocessing = 0;
			shellPath = /bin/sh;
			shellScript = "\"${SRCROOT}/Pods/Target Support Files/Pods-UrlReceiver/Pods-UrlReceiver-resources.sh\"\n";
			showEnvVarsInLog = 0;
		};
		E5C1A9C789D892120BA8E115 /* Embed Pods Frameworks */ = {
			isa = PBXShellScriptBuildPhase;
			buildActionMask = 2147483647;
			files = (
			);
			inputPaths = (
			);
			name = "Embed Pods Frameworks";
			outputPaths = (
			);
			runOnlyForDeploymentPostprocessing = 0;
			shellPath = /bin/sh;
			shellScript = "\"${SRCROOT}/Pods/Target Support Files/Pods-UrlReceiver/Pods-UrlReceiver-frameworks.sh\"\n";
			showEnvVarsInLog = 0;
		};
		F67C0475F2CFCF91808323F7 /* Check Pods Manifest.lock */ = {
			isa = PBXShellScriptBuildPhase;
			buildActionMask = 2147483647;
			files = (
			);
			inputPaths = (
			);
			name = "Check Pods Manifest.lock";
			outputPaths = (
			);
			runOnlyForDeploymentPostprocessing = 0;
			shellPath = /bin/sh;
			shellScript = "diff \"${PODS_ROOT}/../Podfile.lock\" \"${PODS_ROOT}/Manifest.lock\" > /dev/null\nif [[ $? != 0 ]] ; then\n    cat << EOM\nerror: The sandbox is not in sync with the Podfile.lock. Run 'pod install' or update your CocoaPods installation.\nEOM\n    exit 1\nfi\n";
			showEnvVarsInLog = 0;
		};
/* End PBXShellScriptBuildPhase section */

/* Begin PBXSourcesBuildPhase section */
		88BB9A2F1C63A5F800DC851F /* Sources */ = {
			isa = PBXSourcesBuildPhase;
			buildActionMask = 2147483647;
			files = (
				88BB9A4F1C63B1EE00DC851F /* NSURLComponents+queryItemNamed.m in Sources */,
				88BB9A3E1C63A5F800DC851F /* ViewController.m in Sources */,
				88BB9A3B1C63A5F800DC851F /* AppDelegate.m in Sources */,
				88BB9A381C63A5F800DC851F /* main.m in Sources */,
			);
			runOnlyForDeploymentPostprocessing = 0;
		};
/* End PBXSourcesBuildPhase section */

/* Begin PBXVariantGroup section */
		88BB9A3F1C63A5F800DC851F /* Main.storyboard */ = {
			isa = PBXVariantGroup;
			children = (
				88BB9A401C63A5F800DC851F /* Base */,
			);
			name = Main.storyboard;
			sourceTree = "<group>";
		};
		88BB9A441C63A5F800DC851F /* LaunchScreen.storyboard */ = {
			isa = PBXVariantGroup;
			children = (
				88BB9A451C63A5F800DC851F /* Base */,
			);
			name = LaunchScreen.storyboard;
			sourceTree = "<group>";
		};
/* End PBXVariantGroup section */

/* Begin XCBuildConfiguration section */
		88BB9A481C63A5F800DC851F /* Debug */ = {
			isa = XCBuildConfiguration;
			buildSettings = {
				ALWAYS_SEARCH_USER_PATHS = NO;
				CLANG_CXX_LANGUAGE_STANDARD = "gnu++0x";
				CLANG_CXX_LIBRARY = "libc++";
				CLANG_ENABLE_MODULES = YES;
				CLANG_ENABLE_OBJC_ARC = YES;
				CLANG_WARN_BOOL_CONVERSION = YES;
				CLANG_WARN_CONSTANT_CONVERSION = YES;
				CLANG_WARN_DIRECT_OBJC_ISA_USAGE = YES_ERROR;
				CLANG_WARN_EMPTY_BODY = YES;
				CLANG_WARN_ENUM_CONVERSION = YES;
				CLANG_WARN_INT_CONVERSION = YES;
				CLANG_WARN_OBJC_ROOT_CLASS = YES_ERROR;
				CLANG_WARN_UNREACHABLE_CODE = YES;
				CLANG_WARN__DUPLICATE_METHOD_MATCH = YES;
				"CODE_SIGN_IDENTITY[sdk=iphoneos*]" = "iPhone Developer";
				COPY_PHASE_STRIP = NO;
				DEBUG_INFORMATION_FORMAT = dwarf;
				ENABLE_STRICT_OBJC_MSGSEND = YES;
				ENABLE_TESTABILITY = YES;
				GCC_C_LANGUAGE_STANDARD = gnu99;
				GCC_DYNAMIC_NO_PIC = NO;
				GCC_NO_COMMON_BLOCKS = YES;
				GCC_OPTIMIZATION_LEVEL = 0;
				GCC_PREPROCESSOR_DEFINITIONS = (
					"DEBUG=1",
					"$(inherited)",
				);
				GCC_WARN_64_TO_32_BIT_CONVERSION = YES;
				GCC_WARN_ABOUT_RETURN_TYPE = YES_ERROR;
				GCC_WARN_UNDECLARED_SELECTOR = YES;
				GCC_WARN_UNINITIALIZED_AUTOS = YES_AGGRESSIVE;
				GCC_WARN_UNUSED_FUNCTION = YES;
				GCC_WARN_UNUSED_VARIABLE = YES;
				IPHONEOS_DEPLOYMENT_TARGET = 9.2;
				MTL_ENABLE_DEBUG_INFO = YES;
				ONLY_ACTIVE_ARCH = YES;
				SDKROOT = iphoneos;
				TARGETED_DEVICE_FAMILY = "1,2";
			};
			name = Debug;
		};
		88BB9A491C63A5F800DC851F /* Release */ = {
			isa = XCBuildConfiguration;
			buildSettings = {
				ALWAYS_SEARCH_USER_PATHS = NO;
				CLANG_CXX_LANGUAGE_STANDARD = "gnu++0x";
				CLANG_CXX_LIBRARY = "libc++";
				CLANG_ENABLE_MODULES = YES;
				CLANG_ENABLE_OBJC_ARC = YES;
				CLANG_WARN_BOOL_CONVERSION = YES;
				CLANG_WARN_CONSTANT_CONVERSION = YES;
				CLANG_WARN_DIRECT_OBJC_ISA_USAGE = YES_ERROR;
				CLANG_WARN_EMPTY_BODY = YES;
				CLANG_WARN_ENUM_CONVERSION = YES;
				CLANG_WARN_INT_CONVERSION = YES;
				CLANG_WARN_OBJC_ROOT_CLASS = YES_ERROR;
				CLANG_WARN_UNREACHABLE_CODE = YES;
				CLANG_WARN__DUPLICATE_METHOD_MATCH = YES;
				"CODE_SIGN_IDENTITY[sdk=iphoneos*]" = "iPhone Developer";
				COPY_PHASE_STRIP = NO;
				DEBUG_INFORMATION_FORMAT = "dwarf-with-dsym";
				ENABLE_NS_ASSERTIONS = NO;
				ENABLE_STRICT_OBJC_MSGSEND = YES;
				GCC_C_LANGUAGE_STANDARD = gnu99;
				GCC_NO_COMMON_BLOCKS = YES;
				GCC_WARN_64_TO_32_BIT_CONVERSION = YES;
				GCC_WARN_ABOUT_RETURN_TYPE = YES_ERROR;
				GCC_WARN_UNDECLARED_SELECTOR = YES;
				GCC_WARN_UNINITIALIZED_AUTOS = YES_AGGRESSIVE;
				GCC_WARN_UNUSED_FUNCTION = YES;
				GCC_WARN_UNUSED_VARIABLE = YES;
				IPHONEOS_DEPLOYMENT_TARGET = 9.2;
				MTL_ENABLE_DEBUG_INFO = NO;
				SDKROOT = iphoneos;
				TARGETED_DEVICE_FAMILY = "1,2";
				VALIDATE_PRODUCT = YES;
			};
			name = Release;
		};
		88BB9A4B1C63A5F800DC851F /* Debug */ = {
			isa = XCBuildConfiguration;
			baseConfigurationReference = E6F38DE550430B760EDF1FA4 /* Pods-UrlReceiver.debug.xcconfig */;
			buildSettings = {
				ASSETCATALOG_COMPILER_APPICON_NAME = AppIcon;
				INFOPLIST_FILE = UrlReceiver/Info.plist;
				LD_RUNPATH_SEARCH_PATHS = "$(inherited) @executable_path/Frameworks";
				PRODUCT_BUNDLE_IDENTIFIER = com.trailbehind.UrlReceiver;
				PRODUCT_NAME = "$(TARGET_NAME)";
			};
			name = Debug;
		};
		88BB9A4C1C63A5F800DC851F /* Release */ = {
			isa = XCBuildConfiguration;
			baseConfigurationReference = C23C2C9E609361BDE9518A4B /* Pods-UrlReceiver.release.xcconfig */;
			buildSettings = {
				ASSETCATALOG_COMPILER_APPICON_NAME = AppIcon;
				INFOPLIST_FILE = UrlReceiver/Info.plist;
				LD_RUNPATH_SEARCH_PATHS = "$(inherited) @executable_path/Frameworks";
				PRODUCT_BUNDLE_IDENTIFIER = com.trailbehind.UrlReceiver;
				PRODUCT_NAME = "$(TARGET_NAME)";
			};
			name = Release;
		};
/* End XCBuildConfiguration section */

/* Begin XCConfigurationList section */
		88BB9A2E1C63A5F800DC851F /* Build configuration list for PBXProject "UrlReceiver" */ = {
			isa = XCConfigurationList;
			buildConfigurations = (
				88BB9A481C63A5F800DC851F /* Debug */,
				88BB9A491C63A5F800DC851F /* Release */,
			);
			defaultConfigurationIsVisible = 0;
			defaultConfigurationName = Release;
		};
		88BB9A4A1C63A5F800DC851F /* Build configuration list for PBXNativeTarget "UrlReceiver" */ = {
			isa = XCConfigurationList;
			buildConfigurations = (
				88BB9A4B1C63A5F800DC851F /* Debug */,
				88BB9A4C1C63A5F800DC851F /* Release */,
			);
			defaultConfigurationIsVisible = 0;
			defaultConfigurationName = Release;
		};
/* End XCConfigurationList section */
	};
	rootObject = 88BB9A2B1C63A5F800DC851F /* Project object */;
}
